<?xml version="1.0" encoding="utf-8"?>
<Project ToolsVersion="4.0" xmlns="http://schemas.microsoft.com/developer/msbuild/2003">
  <ItemGroup>
    <Filter Include="Source Files">
      <UniqueIdentifier>{CC3CE37F-712A-4559-A698-F2BB0FD4818D}</UniqueIdentifier>
      <Extensions>cpp;c;cc;cxx;def;odl;idl;hpj;bat;asm;asmx</Extensions>
    </Filter>
    <Filter Include="Shaders">
      <UniqueIdentifier>{456cddba-0854-4553-8361-2c4ffbf20849}</UniqueIdentifier>
    </Filter>
  </ItemGroup>
  <ItemGroup>
    <ClInclude Include="src\base\App.hpp">
      <Filter>Source Files</Filter>
    </ClInclude>
    <ClInclude Include="src\base\Framebuffer.hpp">
      <Filter>Source Files</Filter>
    </ClInclude>
    <ClInclude Include="src\base\ImageProcessor.hpp">
      <Filter>Source Files</Filter>
    </ClInclude>
    <ClInclude Include="src\base\Renderer.hpp">
      <Filter>Source Files</Filter>
    </ClInclude>
    <ClInclude Include="src\base\Shader.hpp">
      <Filter>Source Files</Filter>
    </ClInclude>
  </ItemGroup>
  <ItemGroup>
    <ClCompile Include="src\base\App.cpp">
      <Filter>Source Files</Filter>
    </ClCompile>
    <ClCompile Include="src\base\Framebuffer.cpp">
      <Filter>Source Files</Filter>
    </ClCompile>
    <ClCompile Include="src\base\ImageProcessor.cpp">
      <Filter>Source Files</Filter>
    </ClCompile>
    <ClCompile Include="src\base\Renderer.cpp">
      <Filter>Source Files</Filter>
    </ClCompile>
    <ClCompile Include="src\base\Shader.cpp">
      <Filter>Source Files</Filter>
    </ClCompile>
  </ItemGroup>
  <ItemGroup>
    <None Include="shaders\dot.frag">
      <Filter>Shaders</Filter>
    </None>
    <None Include="shaders\dot.vert">
      <Filter>Shaders</Filter>
    </None>
    <None Include="shaders\dot_color.frag">
      <Filter>Shaders</Filter>
    </None>
    <None Include="shaders\dot_color.vert">
      <Filter>Shaders</Filter>
    </None>
    <None Include="shaders\postprocess.frag">
      <Filter>Shaders</Filter>
    </None>
    <None Include="shaders\postprocess.vert">
      <Filter>Shaders</Filter>
    </None>
  </ItemGroup>
</Project>